
Microsoft Visual Studio Solution File, Format Version 12.00
# Visual Studio Version 17
VisualStudioVersion = 17.13.35806.99 d17.13
MinimumVisualStudioVersion = 10.0.40219.1
Project("{FAE04EC0-301F-11D3-BF4B-00C04F79EFBC}") = "Proje", "Proje\Proje.csproj", "{A75498E4-57B2-458B-A656-AD77C57276C2}"
EndProject
Global
	GlobalSection(SolutionConfigurationPlatforms) = preSolution
		Debug|Any CPU = Debug|Any CPU
		Release|Any CPU = Release|Any CPU
	EndGlobalSection
	GlobalSection(ProjectConfigurationPlatforms) = postSolution
		{A75498E4-57B2-458B-A656-AD77C57276C2}.Debug|Any CPU.ActiveCfg = Debug|Any CPU
		{A75498E4-57B2-458B-A656-AD77C57276C2}.Debug|Any CPU.Build.0 = Debug|Any CPU
		{A75498E4-57B2-458B-A656-AD77C57276C2}.Release|Any CPU.ActiveCfg = Release|Any CPU
		{A75498E4-57B2-458B-A656-AD77C57276C2}.Release|Any CPU.Build.0 = Release|Any CPU
	EndGlobalSection
	GlobalSection(SolutionProperties) = preSolution
		HideSolutionNode = FALSE
	EndGlobalSection
	GlobalSection(ExtensibilityGlobals) = postSolution
		SolutionGuid = {38FA47CF-059F-4801-A052-82449CE10149}
	EndGlobalSection
EndGlobal
